name: update-flake-lock
on:
  workflow_dispatch:  # Allows manual triggering
  schedule:
    - cron: '0 0 * * 0'  # Runs weekly on Sunday at midnight

jobs:
  lockfile:
    runs-on: ubuntu-latest
    steps:
      - name: Checkout repository
        uses: actions/checkout@v4

      - name: Install Nix
        uses: DeterminateSystems/nix-installer-action@main

      - name: Update flake.lock
        uses: DeterminateSystems/update-flake-lock@main
        with:
          pr-title: "Update flake.lock"
          pr-labels: |
            dependencies
            automated
          path-to-flake-dir: "nix/darwin"  # Change this to the correct path

      - name: Commit and push changes
        run: |
          # Check if there are changes to flake.lock
          if git diff --quiet flake.lock; then
            echo "No changes to commit."
            exit 0
          fi

          git add flake.lock
          git commit -m "chore: update flake.lock"

          # Ensure successful push
          git pull --rebase origin main
          git push
