name: update-flake-lock

on:
  workflow_dispatch:  # Allows manual triggering
  push:
  schedule:
    - cron: '0 0 * * 0'  # Runs weekly on Sunday at midnight

jobs:
  lockfile:
    runs-on: ubuntu-latest
    steps:
      - name: Checkout repository
        uses: actions/checkout@v4
        with:
          token: ${{ secrets.GITHUB_TOKEN }}

      - name: Install Nix
        uses: DeterminateSystems/nix-installer-action@main

      - name: Update flake.lock
        run: |
          nix flake update --flake ./nix

      - name: Commit and push changes
        run: |
          git add nix/flake.lock
          git commit -m "Update flake.lock"
          git push
